
Microsoft Visual Studio Solution File, Format Version 12.00
# Visual Studio Version 17
VisualStudioVersion = 17.10.35122.118
MinimumVisualStudioVersion = 10.0.40219.1
Project("{9A19103F-16F7-4668-BE54-9A1E7A4F7556}") = "RumbleHeartRateDisplay", "RumbleHeartRateDisplay\RumbleHeartRateDisplay.csproj", "{CD018BC7-292A-45D4-BBED-C7DAC815E75E}"
	ProjectSection(ProjectDependencies) = postProject
		{9CBD5153-C6EF-4E02-B0EC-D948074E3512} = {9CBD5153-C6EF-4E02-B0EC-D948074E3512}
	EndProjectSection
EndProject
Project("{FAE04EC0-301F-11D3-BF4B-00C04F79EFBC}") = "BluetoothConnectionManager", "BluetoothConnectionManager\BluetoothConnectionManager.csproj", "{9CBD5153-C6EF-4E02-B0EC-D948074E3512}"
EndProject
Global
	GlobalSection(SolutionConfigurationPlatforms) = preSolution
		Debug|Any CPU = Debug|Any CPU
		Debug|x86 = Debug|x86
		Release|Any CPU = Release|Any CPU
		Release|x86 = Release|x86
	EndGlobalSection
	GlobalSection(ProjectConfigurationPlatforms) = postSolution
		{CD018BC7-292A-45D4-BBED-C7DAC815E75E}.Debug|Any CPU.ActiveCfg = Debug|Any CPU
		{CD018BC7-292A-45D4-BBED-C7DAC815E75E}.Debug|Any CPU.Build.0 = Debug|Any CPU
		{CD018BC7-292A-45D4-BBED-C7DAC815E75E}.Debug|x86.ActiveCfg = Debug|x86
		{CD018BC7-292A-45D4-BBED-C7DAC815E75E}.Debug|x86.Build.0 = Debug|x86
		{CD018BC7-292A-45D4-BBED-C7DAC815E75E}.Release|Any CPU.ActiveCfg = Release|Any CPU
		{CD018BC7-292A-45D4-BBED-C7DAC815E75E}.Release|Any CPU.Build.0 = Release|Any CPU
		{CD018BC7-292A-45D4-BBED-C7DAC815E75E}.Release|x86.ActiveCfg = Release|x86
		{CD018BC7-292A-45D4-BBED-C7DAC815E75E}.Release|x86.Build.0 = Release|x86
		{9CBD5153-C6EF-4E02-B0EC-D948074E3512}.Debug|Any CPU.ActiveCfg = Debug|Any CPU
		{9CBD5153-C6EF-4E02-B0EC-D948074E3512}.Debug|Any CPU.Build.0 = Debug|Any CPU
		{9CBD5153-C6EF-4E02-B0EC-D948074E3512}.Debug|x86.ActiveCfg = Debug|Any CPU
		{9CBD5153-C6EF-4E02-B0EC-D948074E3512}.Debug|x86.Build.0 = Debug|Any CPU
		{9CBD5153-C6EF-4E02-B0EC-D948074E3512}.Release|Any CPU.ActiveCfg = Release|Any CPU
		{9CBD5153-C6EF-4E02-B0EC-D948074E3512}.Release|Any CPU.Build.0 = Release|Any CPU
		{9CBD5153-C6EF-4E02-B0EC-D948074E3512}.Release|x86.ActiveCfg = Release|Any CPU
		{9CBD5153-C6EF-4E02-B0EC-D948074E3512}.Release|x86.Build.0 = Release|Any CPU
	EndGlobalSection
	GlobalSection(SolutionProperties) = preSolution
		HideSolutionNode = FALSE
	EndGlobalSection
	GlobalSection(ExtensibilityGlobals) = postSolution
		SolutionGuid = {91201815-8F1C-4761-B4F8-259DE4E7B47B}
	EndGlobalSection
EndGlobal
